// !$*UTF8*$!
{
	archiveVersion = 1;
	classes = {
	};
	objectVersion = 50;
	objects = {

/* Begin PBXBuildFile section */
		DA01EEB326DF793100EFCF21 /* Home.storyboard in Resources */ = {isa = PBXBuildFile; fileRef = DA01EEB226DF793100EFCF21 /* Home.storyboard */; };
		DA01EEB526DF795000EFCF21 /* HomeViewController.swift in Sources */ = {isa = PBXBuildFile; fileRef = DA01EEB426DF795000EFCF21 /* HomeViewController.swift */; };
		DA01EEB726DF798100EFCF21 /* SongedListViewController.swift in Sources */ = {isa = PBXBuildFile; fileRef = DA01EEB626DF798100EFCF21 /* SongedListViewController.swift */; };
		DA01EEB926DF799300EFCF21 /* SongedList.storyboard in Resources */ = {isa = PBXBuildFile; fileRef = DA01EEB826DF799300EFCF21 /* SongedList.storyboard */; };
		DA57C241252CBD05005F4A71 /* AppDelegate.swift in Sources */ = {isa = PBXBuildFile; fileRef = DA57C240252CBD05005F4A71 /* AppDelegate.swift */; };
		DA57C243252CBD05005F4A71 /* SceneDelegate.swift in Sources */ = {isa = PBXBuildFile; fileRef = DA57C242252CBD05005F4A71 /* SceneDelegate.swift */; };
		DA57C24A252CBD08005F4A71 /* Assets.xcassets in Resources */ = {isa = PBXBuildFile; fileRef = DA57C249252CBD08005F4A71 /* Assets.xcassets */; };
		DA57C24D252CBD08005F4A71 /* LaunchScreen.storyboard in Resources */ = {isa = PBXBuildFile; fileRef = DA57C24B252CBD08005F4A71 /* LaunchScreen.storyboard */; };
		DA57C258252CBD08005F4A71 /* SongsAppTests.swift in Sources */ = {isa = PBXBuildFile; fileRef = DA57C257252CBD08005F4A71 /* SongsAppTests.swift */; };
		DA57C263252CBD08005F4A71 /* SongsAppUITests.swift in Sources */ = {isa = PBXBuildFile; fileRef = DA57C262252CBD08005F4A71 /* SongsAppUITests.swift */; };
		DAABC2D926DF77560005C236 /* Root.storyboard in Resources */ = {isa = PBXBuildFile; fileRef = DAABC2D826DF77560005C236 /* Root.storyboard */; };
		DAB64D8626E0A8660054D150 /* GitHubAPIClientError.swift in Sources */ = {isa = PBXBuildFile; fileRef = DAB64D8526E0A8660054D150 /* GitHubAPIClientError.swift */; };
		DAB64D8826E0B24F0054D150 /* HTTPMethod.swift in Sources */ = {isa = PBXBuildFile; fileRef = DAB64D8726E0B24F0054D150 /* HTTPMethod.swift */; };
		DAB64D8A26E0B2D30054D150 /* Song.swift in Sources */ = {isa = PBXBuildFile; fileRef = DAB64D8926E0B2D30054D150 /* Song.swift */; };
		DAB64D8C26E0B2E50054D150 /* LoadSongedList.swift in Sources */ = {isa = PBXBuildFile; fileRef = DAB64D8B26E0B2E50054D150 /* LoadSongedList.swift */; };
		DAB64D8E26E0B2ED0054D150 /* SongedListTableViewCell.swift in Sources */ = {isa = PBXBuildFile; fileRef = DAB64D8D26E0B2ED0054D150 /* SongedListTableViewCell.swift */; };
		DAB64D9026E0B2F90054D150 /* GitHubAPIRequest.swift in Sources */ = {isa = PBXBuildFile; fileRef = DAB64D8F26E0B2F90054D150 /* GitHubAPIRequest.swift */; };
		DAB64D9226E0B3030054D150 /* GitHubAPISearchResponse.swift in Sources */ = {isa = PBXBuildFile; fileRef = DAB64D9126E0B3030054D150 /* GitHubAPISearchResponse.swift */; };
		DAB64D9426E0B4E60054D150 /* GitHubAPI.swift in Sources */ = {isa = PBXBuildFile; fileRef = DAB64D9326E0B4E60054D150 /* GitHubAPI.swift */; };
		DAB64D9626E107550054D150 /* GitHubClient.swift in Sources */ = {isa = PBXBuildFile; fileRef = DAB64D9526E107550054D150 /* GitHubClient.swift */; };
		DAB64D9A26E1245A0054D150 /* UIImage+.swift in Sources */ = {isa = PBXBuildFile; fileRef = DAB64D9926E1245A0054D150 /* UIImage+.swift */; };
/* End PBXBuildFile section */

/* Begin PBXContainerItemProxy section */
		DA57C254252CBD08005F4A71 /* PBXContainerItemProxy */ = {
			isa = PBXContainerItemProxy;
			containerPortal = DA57C235252CBD05005F4A71 /* Project object */;
			proxyType = 1;
			remoteGlobalIDString = DA57C23C252CBD05005F4A71;
			remoteInfo = SongsApp;
		};
		DA57C25F252CBD08005F4A71 /* PBXContainerItemProxy */ = {
			isa = PBXContainerItemProxy;
			containerPortal = DA57C235252CBD05005F4A71 /* Project object */;
			proxyType = 1;
			remoteGlobalIDString = DA57C23C252CBD05005F4A71;
			remoteInfo = SongsApp;
		};
/* End PBXContainerItemProxy section */

/* Begin PBXFileReference section */
		DA01EEB226DF793100EFCF21 /* Home.storyboard */ = {isa = PBXFileReference; lastKnownFileType = file.storyboard; path = Home.storyboard; sourceTree = "<group>"; };
		DA01EEB426DF795000EFCF21 /* HomeViewController.swift */ = {isa = PBXFileReference; lastKnownFileType = sourcecode.swift; path = HomeViewController.swift; sourceTree = "<group>"; };
		DA01EEB626DF798100EFCF21 /* SongedListViewController.swift */ = {isa = PBXFileReference; lastKnownFileType = sourcecode.swift; path = SongedListViewController.swift; sourceTree = "<group>"; };
		DA01EEB826DF799300EFCF21 /* SongedList.storyboard */ = {isa = PBXFileReference; lastKnownFileType = file.storyboard; path = SongedList.storyboard; sourceTree = "<group>"; };
		DA57C23D252CBD05005F4A71 /* SongsApp.app */ = {isa = PBXFileReference; explicitFileType = wrapper.application; includeInIndex = 0; path = SongsApp.app; sourceTree = BUILT_PRODUCTS_DIR; };
		DA57C240252CBD05005F4A71 /* AppDelegate.swift */ = {isa = PBXFileReference; lastKnownFileType = sourcecode.swift; path = AppDelegate.swift; sourceTree = "<group>"; };
		DA57C242252CBD05005F4A71 /* SceneDelegate.swift */ = {isa = PBXFileReference; lastKnownFileType = sourcecode.swift; path = SceneDelegate.swift; sourceTree = "<group>"; };
		DA57C249252CBD08005F4A71 /* Assets.xcassets */ = {isa = PBXFileReference; lastKnownFileType = folder.assetcatalog; path = Assets.xcassets; sourceTree = "<group>"; };
		DA57C24C252CBD08005F4A71 /* Base */ = {isa = PBXFileReference; lastKnownFileType = file.storyboard; name = Base; path = Base.lproj/LaunchScreen.storyboard; sourceTree = "<group>"; };
		DA57C24E252CBD08005F4A71 /* Info.plist */ = {isa = PBXFileReference; lastKnownFileType = text.plist.xml; path = Info.plist; sourceTree = "<group>"; };
		DA57C253252CBD08005F4A71 /* SongsAppTests.xctest */ = {isa = PBXFileReference; explicitFileType = wrapper.cfbundle; includeInIndex = 0; path = SongsAppTests.xctest; sourceTree = BUILT_PRODUCTS_DIR; };
		DA57C257252CBD08005F4A71 /* SongsAppTests.swift */ = {isa = PBXFileReference; lastKnownFileType = sourcecode.swift; path = SongsAppTests.swift; sourceTree = "<group>"; };
		DA57C259252CBD08005F4A71 /* Info.plist */ = {isa = PBXFileReference; lastKnownFileType = text.plist.xml; path = Info.plist; sourceTree = "<group>"; };
		DA57C25E252CBD08005F4A71 /* SongsAppUITests.xctest */ = {isa = PBXFileReference; explicitFileType = wrapper.cfbundle; includeInIndex = 0; path = SongsAppUITests.xctest; sourceTree = BUILT_PRODUCTS_DIR; };
		DA57C262252CBD08005F4A71 /* SongsAppUITests.swift */ = {isa = PBXFileReference; lastKnownFileType = sourcecode.swift; path = SongsAppUITests.swift; sourceTree = "<group>"; };
		DA57C264252CBD08005F4A71 /* Info.plist */ = {isa = PBXFileReference; lastKnownFileType = text.plist.xml; path = Info.plist; sourceTree = "<group>"; };
		DAABC2D826DF77560005C236 /* Root.storyboard */ = {isa = PBXFileReference; fileEncoding = 4; lastKnownFileType = file.storyboard; path = Root.storyboard; sourceTree = "<group>"; };
		DAB64D8526E0A8660054D150 /* GitHubAPIClientError.swift */ = {isa = PBXFileReference; lastKnownFileType = sourcecode.swift; path = GitHubAPIClientError.swift; sourceTree = "<group>"; };
		DAB64D8726E0B24F0054D150 /* HTTPMethod.swift */ = {isa = PBXFileReference; lastKnownFileType = sourcecode.swift; path = HTTPMethod.swift; sourceTree = "<group>"; };
		DAB64D8926E0B2D30054D150 /* Song.swift */ = {isa = PBXFileReference; fileEncoding = 4; lastKnownFileType = sourcecode.swift; path = Song.swift; sourceTree = "<group>"; };
		DAB64D8B26E0B2E50054D150 /* LoadSongedList.swift */ = {isa = PBXFileReference; fileEncoding = 4; lastKnownFileType = sourcecode.swift; path = LoadSongedList.swift; sourceTree = "<group>"; };
		DAB64D8D26E0B2ED0054D150 /* SongedListTableViewCell.swift */ = {isa = PBXFileReference; fileEncoding = 4; lastKnownFileType = sourcecode.swift; path = SongedListTableViewCell.swift; sourceTree = "<group>"; };
		DAB64D8F26E0B2F90054D150 /* GitHubAPIRequest.swift */ = {isa = PBXFileReference; fileEncoding = 4; lastKnownFileType = sourcecode.swift; path = GitHubAPIRequest.swift; sourceTree = "<group>"; };
		DAB64D9126E0B3030054D150 /* GitHubAPISearchResponse.swift */ = {isa = PBXFileReference; fileEncoding = 4; lastKnownFileType = sourcecode.swift; path = GitHubAPISearchResponse.swift; sourceTree = "<group>"; };
		DAB64D9326E0B4E60054D150 /* GitHubAPI.swift */ = {isa = PBXFileReference; lastKnownFileType = sourcecode.swift; path = GitHubAPI.swift; sourceTree = "<group>"; };
		DAB64D9526E107550054D150 /* GitHubClient.swift */ = {isa = PBXFileReference; lastKnownFileType = sourcecode.swift; path = GitHubClient.swift; sourceTree = "<group>"; };
		DAB64D9926E1245A0054D150 /* UIImage+.swift */ = {isa = PBXFileReference; lastKnownFileType = sourcecode.swift; path = "UIImage+.swift"; sourceTree = "<group>"; };
/* End PBXFileReference section */

/* Begin PBXFrameworksBuildPhase section */
		DA57C23A252CBD05005F4A71 /* Frameworks */ = {
			isa = PBXFrameworksBuildPhase;
			buildActionMask = 2147483647;
			files = (
			);
			runOnlyForDeploymentPostprocessing = 0;
		};
		DA57C250252CBD08005F4A71 /* Frameworks */ = {
			isa = PBXFrameworksBuildPhase;
			buildActionMask = 2147483647;
			files = (
			);
			runOnlyForDeploymentPostprocessing = 0;
		};
		DA57C25B252CBD08005F4A71 /* Frameworks */ = {
			isa = PBXFrameworksBuildPhase;
			buildActionMask = 2147483647;
			files = (
			);
			runOnlyForDeploymentPostprocessing = 0;
		};
/* End PBXFrameworksBuildPhase section */

/* Begin PBXGroup section */
		DA01EEBB26DFC93200EFCF21 /* MyList */ = {
			isa = PBXGroup;
			children = (
			);
			path = MyList;
			sourceTree = "<group>";
		};
		DA01EEC226E06F7B00EFCF21 /* API */ = {
			isa = PBXGroup;
			children = (
				DAB64D9726E117D50054D150 /* GitHubAPI */,
				DAB64D8726E0B24F0054D150 /* HTTPMethod.swift */,
			);
			path = API;
			sourceTree = "<group>";
		};
		DA57C234252CBD05005F4A71 = {
			isa = PBXGroup;
			children = (
				DA57C23F252CBD05005F4A71 /* SongsApp */,
				DA57C256252CBD08005F4A71 /* SongsAppTests */,
				DA57C261252CBD08005F4A71 /* SongsAppUITests */,
				DA57C23E252CBD05005F4A71 /* Products */,
			);
			sourceTree = "<group>";
		};
		DA57C23E252CBD05005F4A71 /* Products */ = {
			isa = PBXGroup;
			children = (
				DA57C23D252CBD05005F4A71 /* SongsApp.app */,
				DA57C253252CBD08005F4A71 /* SongsAppTests.xctest */,
				DA57C25E252CBD08005F4A71 /* SongsAppUITests.xctest */,
			);
			name = Products;
			sourceTree = "<group>";
		};
		DA57C23F252CBD05005F4A71 /* SongsApp */ = {
			isa = PBXGroup;
			children = (
				DA57C240252CBD05005F4A71 /* AppDelegate.swift */,
				DA57C242252CBD05005F4A71 /* SceneDelegate.swift */,
				DAABC2D526DDB1380005C236 /* Root */,
				DAABC2D626DF75E30005C236 /* Home */,
				DAABC2D726DF75F80005C236 /* SongedList */,
				DA01EEBB26DFC93200EFCF21 /* MyList */,
				DA01EEC226E06F7B00EFCF21 /* API */,
				DAB64D9826E124330054D150 /* Extension */,
				DA57C249252CBD08005F4A71 /* Assets.xcassets */,
				DA57C24B252CBD08005F4A71 /* LaunchScreen.storyboard */,
				DA57C24E252CBD08005F4A71 /* Info.plist */,
			);
			path = SongsApp;
			sourceTree = "<group>";
		};
		DA57C256252CBD08005F4A71 /* SongsAppTests */ = {
			isa = PBXGroup;
			children = (
				DA57C257252CBD08005F4A71 /* SongsAppTests.swift */,
				DA57C259252CBD08005F4A71 /* Info.plist */,
			);
			path = SongsAppTests;
			sourceTree = "<group>";
		};
		DA57C261252CBD08005F4A71 /* SongsAppUITests */ = {
			isa = PBXGroup;
			children = (
				DA57C262252CBD08005F4A71 /* SongsAppUITests.swift */,
				DA57C264252CBD08005F4A71 /* Info.plist */,
			);
			path = SongsAppUITests;
			sourceTree = "<group>";
		};
		DAABC2D526DDB1380005C236 /* Root */ = {
			isa = PBXGroup;
			children = (
				DAABC2D826DF77560005C236 /* Root.storyboard */,
			);
			path = Root;
			sourceTree = "<group>";
		};
		DAABC2D626DF75E30005C236 /* Home */ = {
			isa = PBXGroup;
			children = (
				DA01EEB426DF795000EFCF21 /* HomeViewController.swift */,
				DA01EEB226DF793100EFCF21 /* Home.storyboard */,
			);
			path = Home;
			sourceTree = "<group>";
		};
		DAABC2D726DF75F80005C236 /* SongedList */ = {
			isa = PBXGroup;
			children = (
				DA01EEB626DF798100EFCF21 /* SongedListViewController.swift */,
				DAB64D8D26E0B2ED0054D150 /* SongedListTableViewCell.swift */,
				DAB64D8926E0B2D30054D150 /* Song.swift */,
				DAB64D8B26E0B2E50054D150 /* LoadSongedList.swift */,
				DA01EEB826DF799300EFCF21 /* SongedList.storyboard */,
			);
			path = SongedList;
			sourceTree = "<group>";
		};
		DAB64D9726E117D50054D150 /* GitHubAPI */ = {
			isa = PBXGroup;
			children = (
				DAB64D8526E0A8660054D150 /* GitHubAPIClientError.swift */,
				DAB64D8F26E0B2F90054D150 /* GitHubAPIRequest.swift */,
				DAB64D9126E0B3030054D150 /* GitHubAPISearchResponse.swift */,
				DAB64D9326E0B4E60054D150 /* GitHubAPI.swift */,
				DAB64D9526E107550054D150 /* GitHubClient.swift */,
			);
			path = GitHubAPI;
			sourceTree = "<group>";
		};
		DAB64D9826E124330054D150 /* Extension */ = {
			isa = PBXGroup;
			children = (
				DAB64D9926E1245A0054D150 /* UIImage+.swift */,
			);
			path = Extension;
			sourceTree = "<group>";
		};
/* End PBXGroup section */

/* Begin PBXNativeTarget section */
		DA57C23C252CBD05005F4A71 /* SongsApp */ = {
			isa = PBXNativeTarget;
			buildConfigurationList = DA57C267252CBD08005F4A71 /* Build configuration list for PBXNativeTarget "SongsApp" */;
			buildPhases = (
				DA57C239252CBD05005F4A71 /* Sources */,
				DA57C23A252CBD05005F4A71 /* Frameworks */,
				DA57C23B252CBD05005F4A71 /* Resources */,
			);
			buildRules = (
			);
			dependencies = (
			);
			name = SongsApp;
			productName = SongsApp;
			productReference = DA57C23D252CBD05005F4A71 /* SongsApp.app */;
			productType = "com.apple.product-type.application";
		};
		DA57C252252CBD08005F4A71 /* SongsAppTests */ = {
			isa = PBXNativeTarget;
			buildConfigurationList = DA57C26A252CBD08005F4A71 /* Build configuration list for PBXNativeTarget "SongsAppTests" */;
			buildPhases = (
				DA57C24F252CBD08005F4A71 /* Sources */,
				DA57C250252CBD08005F4A71 /* Frameworks */,
				DA57C251252CBD08005F4A71 /* Resources */,
			);
			buildRules = (
			);
			dependencies = (
				DA57C255252CBD08005F4A71 /* PBXTargetDependency */,
			);
			name = SongsAppTests;
			productName = SongsAppTests;
			productReference = DA57C253252CBD08005F4A71 /* SongsAppTests.xctest */;
			productType = "com.apple.product-type.bundle.unit-test";
		};
		DA57C25D252CBD08005F4A71 /* SongsAppUITests */ = {
			isa = PBXNativeTarget;
			buildConfigurationList = DA57C26D252CBD08005F4A71 /* Build configuration list for PBXNativeTarget "SongsAppUITests" */;
			buildPhases = (
				DA57C25A252CBD08005F4A71 /* Sources */,
				DA57C25B252CBD08005F4A71 /* Frameworks */,
				DA57C25C252CBD08005F4A71 /* Resources */,
			);
			buildRules = (
			);
			dependencies = (
				DA57C260252CBD08005F4A71 /* PBXTargetDependency */,
			);
			name = SongsAppUITests;
			productName = SongsAppUITests;
			productReference = DA57C25E252CBD08005F4A71 /* SongsAppUITests.xctest */;
			productType = "com.apple.product-type.bundle.ui-testing";
		};
/* End PBXNativeTarget section */

/* Begin PBXProject section */
		DA57C235252CBD05005F4A71 /* Project object */ = {
			isa = PBXProject;
			attributes = {
				LastSwiftUpdateCheck = 1200;
				LastUpgradeCheck = 1200;
				TargetAttributes = {
					DA57C23C252CBD05005F4A71 = {
						CreatedOnToolsVersion = 12.0.1;
					};
					DA57C252252CBD08005F4A71 = {
						CreatedOnToolsVersion = 12.0.1;
						TestTargetID = DA57C23C252CBD05005F4A71;
					};
					DA57C25D252CBD08005F4A71 = {
						CreatedOnToolsVersion = 12.0.1;
						TestTargetID = DA57C23C252CBD05005F4A71;
					};
				};
			};
			buildConfigurationList = DA57C238252CBD05005F4A71 /* Build configuration list for PBXProject "SongsApp" */;
			compatibilityVersion = "Xcode 9.3";
			developmentRegion = en;
			hasScannedForEncodings = 0;
			knownRegions = (
				en,
				Base,
			);
			mainGroup = DA57C234252CBD05005F4A71;
			productRefGroup = DA57C23E252CBD05005F4A71 /* Products */;
			projectDirPath = "";
			projectRoot = "";
			targets = (
				DA57C23C252CBD05005F4A71 /* SongsApp */,
				DA57C252252CBD08005F4A71 /* SongsAppTests */,
				DA57C25D252CBD08005F4A71 /* SongsAppUITests */,
			);
		};
/* End PBXProject section */

/* Begin PBXResourcesBuildPhase section */
		DA57C23B252CBD05005F4A71 /* Resources */ = {
			isa = PBXResourcesBuildPhase;
			buildActionMask = 2147483647;
			files = (
				DA01EEB926DF799300EFCF21 /* SongedList.storyboard in Resources */,
				DAABC2D926DF77560005C236 /* Root.storyboard in Resources */,
				DA57C24D252CBD08005F4A71 /* LaunchScreen.storyboard in Resources */,
				DA01EEB326DF793100EFCF21 /* Home.storyboard in Resources */,
				DA57C24A252CBD08005F4A71 /* Assets.xcassets in Resources */,
			);
			runOnlyForDeploymentPostprocessing = 0;
		};
		DA57C251252CBD08005F4A71 /* Resources */ = {
			isa = PBXResourcesBuildPhase;
			buildActionMask = 2147483647;
			files = (
			);
			runOnlyForDeploymentPostprocessing = 0;
		};
		DA57C25C252CBD08005F4A71 /* Resources */ = {
			isa = PBXResourcesBuildPhase;
			buildActionMask = 2147483647;
			files = (
			);
			runOnlyForDeploymentPostprocessing = 0;
		};
/* End PBXResourcesBuildPhase section */

/* Begin PBXSourcesBuildPhase section */
		DA57C239252CBD05005F4A71 /* Sources */ = {
			isa = PBXSourcesBuildPhase;
			buildActionMask = 2147483647;
			files = (
				DA01EEB726DF798100EFCF21 /* SongedListViewController.swift in Sources */,
				DAB64D9A26E1245A0054D150 /* UIImage+.swift in Sources */,
				DA57C241252CBD05005F4A71 /* AppDelegate.swift in Sources */,
				DAB64D8826E0B24F0054D150 /* HTTPMethod.swift in Sources */,
				DA01EEB526DF795000EFCF21 /* HomeViewController.swift in Sources */,
				DAB64D9226E0B3030054D150 /* GitHubAPISearchResponse.swift in Sources */,
				DA57C243252CBD05005F4A71 /* SceneDelegate.swift in Sources */,
				DAB64D9626E107550054D150 /* GitHubClient.swift in Sources */,
				DAB64D8A26E0B2D30054D150 /* Song.swift in Sources */,
				DAB64D9426E0B4E60054D150 /* GitHubAPI.swift in Sources */,
				DAB64D8E26E0B2ED0054D150 /* SongedListTableViewCell.swift in Sources */,
				DAB64D9026E0B2F90054D150 /* GitHubAPIRequest.swift in Sources */,
				DAB64D8626E0A8660054D150 /* GitHubAPIClientError.swift in Sources */,
				DAB64D8C26E0B2E50054D150 /* LoadSongedList.swift in Sources */,
			);
			runOnlyForDeploymentPostprocessing = 0;
		};
		DA57C24F252CBD08005F4A71 /* Sources */ = {
			isa = PBXSourcesBuildPhase;
			buildActionMask = 2147483647;
			files = (
				DA57C258252CBD08005F4A71 /* SongsAppTests.swift in Sources */,
			);
			runOnlyForDeploymentPostprocessing = 0;
		};
		DA57C25A252CBD08005F4A71 /* Sources */ = {
			isa = PBXSourcesBuildPhase;
			buildActionMask = 2147483647;
			files = (
				DA57C263252CBD08005F4A71 /* SongsAppUITests.swift in Sources */,
			);
			runOnlyForDeploymentPostprocessing = 0;
		};
/* End PBXSourcesBuildPhase section */

/* Begin PBXTargetDependency section */
		DA57C255252CBD08005F4A71 /* PBXTargetDependency */ = {
			isa = PBXTargetDependency;
			target = DA57C23C252CBD05005F4A71 /* SongsApp */;
			targetProxy = DA57C254252CBD08005F4A71 /* PBXContainerItemProxy */;
		};
		DA57C260252CBD08005F4A71 /* PBXTargetDependency */ = {
			isa = PBXTargetDependency;
			target = DA57C23C252CBD05005F4A71 /* SongsApp */;
			targetProxy = DA57C25F252CBD08005F4A71 /* PBXContainerItemProxy */;
		};
/* End PBXTargetDependency section */

/* Begin PBXVariantGroup section */
		DA57C24B252CBD08005F4A71 /* LaunchScreen.storyboard */ = {
			isa = PBXVariantGroup;
			children = (
				DA57C24C252CBD08005F4A71 /* Base */,
			);
			name = LaunchScreen.storyboard;
			sourceTree = "<group>";
		};
/* End PBXVariantGroup section */

/* Begin XCBuildConfiguration section */
		DA57C265252CBD08005F4A71 /* Debug */ = {
			isa = XCBuildConfiguration;
			buildSettings = {
				ALWAYS_SEARCH_USER_PATHS = NO;
				CLANG_ANALYZER_NONNULL = YES;
				CLANG_ANALYZER_NUMBER_OBJECT_CONVERSION = YES_AGGRESSIVE;
				CLANG_CXX_LANGUAGE_STANDARD = "gnu++14";
				CLANG_CXX_LIBRARY = "libc++";
				CLANG_ENABLE_MODULES = YES;
				CLANG_ENABLE_OBJC_ARC = YES;
				CLANG_ENABLE_OBJC_WEAK = YES;
				CLANG_WARN_BLOCK_CAPTURE_AUTORELEASING = YES;
				CLANG_WARN_BOOL_CONVERSION = YES;
				CLANG_WARN_COMMA = YES;
				CLANG_WARN_CONSTANT_CONVERSION = YES;
				CLANG_WARN_DEPRECATED_OBJC_IMPLEMENTATIONS = YES;
				CLANG_WARN_DIRECT_OBJC_ISA_USAGE = YES_ERROR;
				CLANG_WARN_DOCUMENTATION_COMMENTS = YES;
				CLANG_WARN_EMPTY_BODY = YES;
				CLANG_WARN_ENUM_CONVERSION = YES;
				CLANG_WARN_INFINITE_RECURSION = YES;
				CLANG_WARN_INT_CONVERSION = YES;
				CLANG_WARN_NON_LITERAL_NULL_CONVERSION = YES;
				CLANG_WARN_OBJC_IMPLICIT_RETAIN_SELF = YES;
				CLANG_WARN_OBJC_LITERAL_CONVERSION = YES;
				CLANG_WARN_OBJC_ROOT_CLASS = YES_ERROR;
				CLANG_WARN_QUOTED_INCLUDE_IN_FRAMEWORK_HEADER = YES;
				CLANG_WARN_RANGE_LOOP_ANALYSIS = YES;
				CLANG_WARN_STRICT_PROTOTYPES = YES;
				CLANG_WARN_SUSPICIOUS_MOVE = YES;
				CLANG_WARN_UNGUARDED_AVAILABILITY = YES_AGGRESSIVE;
				CLANG_WARN_UNREACHABLE_CODE = YES;
				CLANG_WARN__DUPLICATE_METHOD_MATCH = YES;
				COPY_PHASE_STRIP = NO;
				DEBUG_INFORMATION_FORMAT = dwarf;
				ENABLE_STRICT_OBJC_MSGSEND = YES;
				ENABLE_TESTABILITY = YES;
				GCC_C_LANGUAGE_STANDARD = gnu11;
				GCC_DYNAMIC_NO_PIC = NO;
				GCC_NO_COMMON_BLOCKS = YES;
				GCC_OPTIMIZATION_LEVEL = 0;
				GCC_PREPROCESSOR_DEFINITIONS = (
					"DEBUG=1",
					"$(inherited)",
				);
				GCC_WARN_64_TO_32_BIT_CONVERSION = YES;
				GCC_WARN_ABOUT_RETURN_TYPE = YES_ERROR;
				GCC_WARN_UNDECLARED_SELECTOR = YES;
				GCC_WARN_UNINITIALIZED_AUTOS = YES_AGGRESSIVE;
				GCC_WARN_UNUSED_FUNCTION = YES;
				GCC_WARN_UNUSED_VARIABLE = YES;
				IPHONEOS_DEPLOYMENT_TARGET = 14.0;
				MTL_ENABLE_DEBUG_INFO = INCLUDE_SOURCE;
				MTL_FAST_MATH = YES;
				ONLY_ACTIVE_ARCH = YES;
				SDKROOT = iphoneos;
				SWIFT_ACTIVE_COMPILATION_CONDITIONS = DEBUG;
				SWIFT_OPTIMIZATION_LEVEL = "-Onone";
			};
			name = Debug;
		};
		DA57C266252CBD08005F4A71 /* Release */ = {
			isa = XCBuildConfiguration;
			buildSettings = {
				ALWAYS_SEARCH_USER_PATHS = NO;
				CLANG_ANALYZER_NONNULL = YES;
				CLANG_ANALYZER_NUMBER_OBJECT_CONVERSION = YES_AGGRESSIVE;
				CLANG_CXX_LANGUAGE_STANDARD = "gnu++14";
				CLANG_CXX_LIBRARY = "libc++";
				CLANG_ENABLE_MODULES = YES;
				CLANG_ENABLE_OBJC_ARC = YES;
				CLANG_ENABLE_OBJC_WEAK = YES;
				CLANG_WARN_BLOCK_CAPTURE_AUTORELEASING = YES;
				CLANG_WARN_BOOL_CONVERSION = YES;
				CLANG_WARN_COMMA = YES;
				CLANG_WARN_CONSTANT_CONVERSION = YES;
				CLANG_WARN_DEPRECATED_OBJC_IMPLEMENTATIONS = YES;
				CLANG_WARN_DIRECT_OBJC_ISA_USAGE = YES_ERROR;
				CLANG_WARN_DOCUMENTATION_COMMENTS = YES;
				CLANG_WARN_EMPTY_BODY = YES;
				CLANG_WARN_ENUM_CONVERSION = YES;
				CLANG_WARN_INFINITE_RECURSION = YES;
				CLANG_WARN_INT_CONVERSION = YES;
				CLANG_WARN_NON_LITERAL_NULL_CONVERSION = YES;
				CLANG_WARN_OBJC_IMPLICIT_RETAIN_SELF = YES;
				CLANG_WARN_OBJC_LITERAL_CONVERSION = YES;
				CLANG_WARN_OBJC_ROOT_CLASS = YES_ERROR;
				CLANG_WARN_QUOTED_INCLUDE_IN_FRAMEWORK_HEADER = YES;
				CLANG_WARN_RANGE_LOOP_ANALYSIS = YES;
				CLANG_WARN_STRICT_PROTOTYPES = YES;
				CLANG_WARN_SUSPICIOUS_MOVE = YES;
				CLANG_WARN_UNGUARDED_AVAILABILITY = YES_AGGRESSIVE;
				CLANG_WARN_UNREACHABLE_CODE = YES;
				CLANG_WARN__DUPLICATE_METHOD_MATCH = YES;
				COPY_PHASE_STRIP = NO;
				DEBUG_INFORMATION_FORMAT = "dwarf-with-dsym";
				ENABLE_NS_ASSERTIONS = NO;
				ENABLE_STRICT_OBJC_MSGSEND = YES;
				GCC_C_LANGUAGE_STANDARD = gnu11;
				GCC_NO_COMMON_BLOCKS = YES;
				GCC_WARN_64_TO_32_BIT_CONVERSION = YES;
				GCC_WARN_ABOUT_RETURN_TYPE = YES_ERROR;
				GCC_WARN_UNDECLARED_SELECTOR = YES;
				GCC_WARN_UNINITIALIZED_AUTOS = YES_AGGRESSIVE;
				GCC_WARN_UNUSED_FUNCTION = YES;
				GCC_WARN_UNUSED_VARIABLE = YES;
				IPHONEOS_DEPLOYMENT_TARGET = 14.0;
				MTL_ENABLE_DEBUG_INFO = NO;
				MTL_FAST_MATH = YES;
				SDKROOT = iphoneos;
				SWIFT_COMPILATION_MODE = wholemodule;
				SWIFT_OPTIMIZATION_LEVEL = "-O";
				VALIDATE_PRODUCT = YES;
			};
			name = Release;
		};
		DA57C268252CBD08005F4A71 /* Debug */ = {
			isa = XCBuildConfiguration;
			buildSettings = {
				ASSETCATALOG_COMPILER_APPICON_NAME = AppIcon;
				ASSETCATALOG_COMPILER_GLOBAL_ACCENT_COLOR_NAME = AccentColor;
				CODE_SIGN_IDENTITY = "Apple Development";
				CODE_SIGN_STYLE = Automatic;
				DEVELOPMENT_TEAM = X566S736X4;
				INFOPLIST_FILE = SongsApp/Info.plist;
				LD_RUNPATH_SEARCH_PATHS = (
					"$(inherited)",
					"@executable_path/Frameworks",
				);
				PRODUCT_BUNDLE_IDENTIFIER = com.tomoshin.SongsApp;
				PRODUCT_NAME = "$(TARGET_NAME)";
				PROVISIONING_PROFILE_SPECIFIER = "";
				SWIFT_VERSION = 5.0;
				TARGETED_DEVICE_FAMILY = "1,2";
			};
			name = Debug;
		};
		DA57C269252CBD08005F4A71 /* Release */ = {
			isa = XCBuildConfiguration;
			buildSettings = {
				ASSETCATALOG_COMPILER_APPICON_NAME = AppIcon;
				ASSETCATALOG_COMPILER_GLOBAL_ACCENT_COLOR_NAME = AccentColor;
				CODE_SIGN_IDENTITY = "Apple Development";
				CODE_SIGN_STYLE = Automatic;
				DEVELOPMENT_TEAM = X566S736X4;
				INFOPLIST_FILE = SongsApp/Info.plist;
				LD_RUNPATH_SEARCH_PATHS = (
					"$(inherited)",
					"@executable_path/Frameworks",
				);
				PRODUCT_BUNDLE_IDENTIFIER = com.tomoshin.SongsApp;
				PRODUCT_NAME = "$(TARGET_NAME)";
				PROVISIONING_PROFILE_SPECIFIER = "";
				SWIFT_VERSION = 5.0;
				TARGETED_DEVICE_FAMILY = "1,2";
			};
			name = Release;
		};
		DA57C26B252CBD08005F4A71 /* Debug */ = {
			isa = XCBuildConfiguration;
			buildSettings = {
				ALWAYS_EMBED_SWIFT_STANDARD_LIBRARIES = YES;
				BUNDLE_LOADER = "$(TEST_HOST)";
				CODE_SIGN_STYLE = Automatic;
				DEVELOPMENT_TEAM = X566S736X4;
				INFOPLIST_FILE = SongsAppTests/Info.plist;
				IPHONEOS_DEPLOYMENT_TARGET = 14.0;
				LD_RUNPATH_SEARCH_PATHS = (
					"$(inherited)",
					"@executable_path/Frameworks",
					"@loader_path/Frameworks",
				);
				PRODUCT_BUNDLE_IDENTIFIER = com.tomoshin.SongsAppTests;
				PRODUCT_NAME = "$(TARGET_NAME)";
				SWIFT_VERSION = 5.0;
				TARGETED_DEVICE_FAMILY = "1,2";
				TEST_HOST = "$(BUILT_PRODUCTS_DIR)/SongsApp.app/SongsApp";
			};
			name = Debug;
		};
		DA57C26C252CBD08005F4A71 /* Release */ = {
			isa = XCBuildConfiguration;
			buildSettings = {
				ALWAYS_EMBED_SWIFT_STANDARD_LIBRARIES = YES;
				BUNDLE_LOADER = "$(TEST_HOST)";
				CODE_SIGN_STYLE = Automatic;
				DEVELOPMENT_TEAM = X566S736X4;
				INFOPLIST_FILE = SongsAppTests/Info.plist;
				IPHONEOS_DEPLOYMENT_TARGET = 14.0;
				LD_RUNPATH_SEARCH_PATHS = (
					"$(inherited)",
					"@executable_path/Frameworks",
					"@loader_path/Frameworks",
				);
				PRODUCT_BUNDLE_IDENTIFIER = com.tomoshin.SongsAppTests;
				PRODUCT_NAME = "$(TARGET_NAME)";
				SWIFT_VERSION = 5.0;
				TARGETED_DEVICE_FAMILY = "1,2";
				TEST_HOST = "$(BUILT_PRODUCTS_DIR)/SongsApp.app/SongsApp";
			};
			name = Release;
		};
		DA57C26E252CBD08005F4A71 /* Debug */ = {
			isa = XCBuildConfiguration;
			buildSettings = {
				ALWAYS_EMBED_SWIFT_STANDARD_LIBRARIES = YES;
				CODE_SIGN_STYLE = Automatic;
				DEVELOPMENT_TEAM = X566S736X4;
				INFOPLIST_FILE = SongsAppUITests/Info.plist;
				LD_RUNPATH_SEARCH_PATHS = (
					"$(inherited)",
					"@executable_path/Frameworks",
					"@loader_path/Frameworks",
				);
				PRODUCT_BUNDLE_IDENTIFIER = com.tomoshin.SongsAppUITests;
				PRODUCT_NAME = "$(TARGET_NAME)";
				SWIFT_VERSION = 5.0;
				TARGETED_DEVICE_FAMILY = "1,2";
				TEST_TARGET_NAME = SongsApp;
			};
			name = Debug;
		};
		DA57C26F252CBD08005F4A71 /* Release */ = {
			isa = XCBuildConfiguration;
			buildSettings = {
				ALWAYS_EMBED_SWIFT_STANDARD_LIBRARIES = YES;
				CODE_SIGN_STYLE = Automatic;
				DEVELOPMENT_TEAM = X566S736X4;
				INFOPLIST_FILE = SongsAppUITests/Info.plist;
				LD_RUNPATH_SEARCH_PATHS = (
					"$(inherited)",
					"@executable_path/Frameworks",
					"@loader_path/Frameworks",
				);
				PRODUCT_BUNDLE_IDENTIFIER = com.tomoshin.SongsAppUITests;
				PRODUCT_NAME = "$(TARGET_NAME)";
				SWIFT_VERSION = 5.0;
				TARGETED_DEVICE_FAMILY = "1,2";
				TEST_TARGET_NAME = SongsApp;
			};
			name = Release;
		};
/* End XCBuildConfiguration section */

/* Begin XCConfigurationList section */
		DA57C238252CBD05005F4A71 /* Build configuration list for PBXProject "SongsApp" */ = {
			isa = XCConfigurationList;
			buildConfigurations = (
				DA57C265252CBD08005F4A71 /* Debug */,
				DA57C266252CBD08005F4A71 /* Release */,
			);
			defaultConfigurationIsVisible = 0;
			defaultConfigurationName = Release;
		};
		DA57C267252CBD08005F4A71 /* Build configuration list for PBXNativeTarget "SongsApp" */ = {
			isa = XCConfigurationList;
			buildConfigurations = (
				DA57C268252CBD08005F4A71 /* Debug */,
				DA57C269252CBD08005F4A71 /* Release */,
			);
			defaultConfigurationIsVisible = 0;
			defaultConfigurationName = Release;
		};
		DA57C26A252CBD08005F4A71 /* Build configuration list for PBXNativeTarget "SongsAppTests" */ = {
			isa = XCConfigurationList;
			buildConfigurations = (
				DA57C26B252CBD08005F4A71 /* Debug */,
				DA57C26C252CBD08005F4A71 /* Release */,
			);
			defaultConfigurationIsVisible = 0;
			defaultConfigurationName = Release;
		};
		DA57C26D252CBD08005F4A71 /* Build configuration list for PBXNativeTarget "SongsAppUITests" */ = {
			isa = XCConfigurationList;
			buildConfigurations = (
				DA57C26E252CBD08005F4A71 /* Debug */,
				DA57C26F252CBD08005F4A71 /* Release */,
			);
			defaultConfigurationIsVisible = 0;
			defaultConfigurationName = Release;
		};
/* End XCConfigurationList section */
	};
	rootObject = DA57C235252CBD05005F4A71 /* Project object */;
}
